Microsoft Visual Studio Solution File, Format Version 12.00
# Visual Studio Version 17
VisualStudioVersion = 17.2.32616.157
MinimumVisualStudioVersion = 10.0.40219.1
Project("{2150E333-8FDC-42A3-9474-1A3956D46DE8}") = "Castle Build", "Castle Build", "{F2092D1F-09A8-4918-A22F-1F0C1E337CCB}"
	ProjectSection(SolutionItems) = preProject
		.editorconfig = .editorconfig
		.gitattributes = .gitattributes
		.gitignore = .gitignore
		appveyor.yml = appveyor.yml
		build.cmd = build.cmd
		buildscripts\build.cmd = buildscripts\build.cmd
		build.sh = build.sh
		BuildPackages.cmd = BuildPackages.cmd
		buildscripts\BuildPackages.cmd = buildscripts\BuildPackages.cmd
		CHANGELOG.md = CHANGELOG.md
		CleanPackages.cmd = CleanPackages.cmd
		buildscripts\common.props = buildscripts\common.props
		buildscripts\CommonAssemblyInfo.cs = buildscripts\CommonAssemblyInfo.cs
		CONTRIBUTING.md = CONTRIBUTING.md
		LICENSE = LICENSE
		README.md = README.md
	EndProjectSection
EndProject
Project("{2150E333-8FDC-42A3-9474-1A3956D46DE8}") = "GitHub Actions", "GitHub Actions", "{13AAE277-43FC-4F9B-B234-74EC67671964}"
	ProjectSection(SolutionItems) = preProject
		.github\workflows\build.yml = .github\workflows\build.yml
	EndProjectSection
EndProject
Project("{9A19103F-16F7-4668-BE54-9A1E7A4F7556}") = "Castle.Services.Transaction", "src\Castle.Services.Transaction\Castle.Services.Transaction.csproj", "{C975C2E4-F615-4B05-8AD2-D505EFD212BE}"
EndProject
Project("{9A19103F-16F7-4668-BE54-9A1E7A4F7556}") = "Castle.Services.Transaction.Tests", "src\Castle.Services.Transaction.Tests\Castle.Services.Transaction.Tests.csproj", "{0410ABF3-5BCE-4124-BA8B-80B82064A4C8}"
EndProject
Project("{9A19103F-16F7-4668-BE54-9A1E7A4F7556}") = "Castle.Facilities.AutoTx", "src\Castle.Facilities.AutoTx\Castle.Facilities.AutoTx.csproj", "{0D149CF8-9CD7-4381-9D2B-075BC0D20853}"
EndProject
Project("{9A19103F-16F7-4668-BE54-9A1E7A4F7556}") = "Castle.Facilities.AutoTx.Tests", "src\Castle.Facilities.AutoTx.Tests\Castle.Facilities.AutoTx.Tests.csproj", "{B757FC8A-DD68-401F-BD54-25D19317D257}"
EndProject
Global
	GlobalSection(SolutionConfigurationPlatforms) = preSolution
		Debug|Any CPU = Debug|Any CPU
		Release|Any CPU = Release|Any CPU
	EndGlobalSection
	GlobalSection(ProjectConfigurationPlatforms) = postSolution
		{C975C2E4-F615-4B05-8AD2-D505EFD212BE}.Debug|Any CPU.ActiveCfg = Debug|Any CPU
		{C975C2E4-F615-4B05-8AD2-D505EFD212BE}.Debug|Any CPU.Build.0 = Debug|Any CPU
		{C975C2E4-F615-4B05-8AD2-D505EFD212BE}.Release|Any CPU.ActiveCfg = Release|Any CPU
		{C975C2E4-F615-4B05-8AD2-D505EFD212BE}.Release|Any CPU.Build.0 = Release|Any CPU
		{0410ABF3-5BCE-4124-BA8B-80B82064A4C8}.Debug|Any CPU.ActiveCfg = Debug|Any CPU
		{0410ABF3-5BCE-4124-BA8B-80B82064A4C8}.Debug|Any CPU.Build.0 = Debug|Any CPU
		{0410ABF3-5BCE-4124-BA8B-80B82064A4C8}.Release|Any CPU.ActiveCfg = Release|Any CPU
		{0410ABF3-5BCE-4124-BA8B-80B82064A4C8}.Release|Any CPU.Build.0 = Release|Any CPU
		{0D149CF8-9CD7-4381-9D2B-075BC0D20853}.Debug|Any CPU.ActiveCfg = Debug|Any CPU
		{0D149CF8-9CD7-4381-9D2B-075BC0D20853}.Debug|Any CPU.Build.0 = Debug|Any CPU
		{0D149CF8-9CD7-4381-9D2B-075BC0D20853}.Release|Any CPU.ActiveCfg = Release|Any CPU
		{0D149CF8-9CD7-4381-9D2B-075BC0D20853}.Release|Any CPU.Build.0 = Release|Any CPU
		{B757FC8A-DD68-401F-BD54-25D19317D257}.Debug|Any CPU.ActiveCfg = Debug|Any CPU
		{B757FC8A-DD68-401F-BD54-25D19317D257}.Debug|Any CPU.Build.0 = Debug|Any CPU
		{B757FC8A-DD68-401F-BD54-25D19317D257}.Release|Any CPU.ActiveCfg = Release|Any CPU
		{B757FC8A-DD68-401F-BD54-25D19317D257}.Release|Any CPU.Build.0 = Release|Any CPU
	EndGlobalSection
	GlobalSection(SolutionProperties) = preSolution
		HideSolutionNode = FALSE
	EndGlobalSection
	GlobalSection(NestedProjects) = preSolution
		{13AAE277-43FC-4F9B-B234-74EC67671964} = {F2092D1F-09A8-4918-A22F-1F0C1E337CCB}
	EndGlobalSection
	GlobalSection(ExtensibilityGlobals) = postSolution
		SolutionGuid = {63AA3B80-CAC9-4B22-A9B2-33E48C2A3603}
	EndGlobalSection
EndGlobal
