Microsoft Visual Studio Solution File, Format Version 12.00
# Visual Studio Version 17
VisualStudioVersion = 17.14.36203.30
MinimumVisualStudioVersion = 10.0.40219.1
Project("{2150E333-8FDC-42A3-9474-1A3956D46DE8}") = "_", "_", "{FF3D1617-D4B5-49CD-A249-9F8444702F5F}"
	ProjectSection(SolutionItems) = preProject
		CHANGELOG.md = CHANGELOG.md
		CONTRIBUTING.md = CONTRIBUTING.md
		LICENSE = LICENSE
		README.md = README.md
	EndProjectSection
EndProject
Project("{2150E333-8FDC-42A3-9474-1A3956D46DE8}") = "build", "build", "{D9AE75CD-B0D8-4CFB-9388-4054F92850FA}"
	ProjectSection(SolutionItems) = preProject
		.editorconfig = .editorconfig
		.gitattributes = .gitattributes
		.gitignore = .gitignore
		.globalconfig = .globalconfig
		Build.Properties.cmd = Build.Properties.cmd
		BuildPackages.cmd = BuildPackages.cmd
		Castle.Transactions.slnx.licenseheader = Castle.Transactions.slnx.licenseheader
		CleanPackages.cmd = CleanPackages.cmd
		Directory.Build.props = Directory.Build.props
		Directory.Build.targets = Directory.Build.targets
		Directory.Packages.props = Directory.Packages.props
		nuget.config = nuget.config
		Project.Build.Properties.props = Project.Build.Properties.props
		Solution.Build.Properties.props = Solution.Build.Properties.props
	EndProjectSection
EndProject
Project("{2150E333-8FDC-42A3-9474-1A3956D46DE8}") = ".github", ".github", "{782638FB-E4DA-42BF-A4D1-758A77BB911E}"
EndProject
Project("{2150E333-8FDC-42A3-9474-1A3956D46DE8}") = "workflows", "workflows", "{3FA334C0-9A78-4B9D-8DC3-89A609031441}"
	ProjectSection(SolutionItems) = preProject
		.github\workflows\build.yml = .github\workflows\build.yml
	EndProjectSection
EndProject
Project("{2150E333-8FDC-42A3-9474-1A3956D46DE8}") = "buildscripts", "buildscripts", "{53A2B61C-C93B-4676-AA24-9174E03956C6}"
	ProjectSection(SolutionItems) = preProject
		buildscripts\ASL - Apache Software Foundation License.txt = buildscripts\ASL - Apache Software Foundation License.txt
		buildscripts\AssemblyInfo.Global.cs = buildscripts\AssemblyInfo.Global.cs
		buildscripts\BuildPackages.cmd = buildscripts\BuildPackages.cmd
		buildscripts\Project.Build.props = buildscripts\Project.Build.props
		buildscripts\Project.Build.References.props = buildscripts\Project.Build.References.props
		buildscripts\Project.Build.targets = buildscripts\Project.Build.targets
		buildscripts\readme.txt = buildscripts\readme.txt
		buildscripts\Solution.Build.props = buildscripts\Solution.Build.props
		buildscripts\Solution.Build.targets = buildscripts\Solution.Build.targets
	EndProjectSection
EndProject
Project("{2150E333-8FDC-42A3-9474-1A3956D46DE8}") = "src", "src", "{922DA1F7-4FFA-4855-8B48-7F238A8D5E15}"
	ProjectSection(SolutionItems) = preProject
		src\Directory.Build.props = src\Directory.Build.props
		src\Directory.Build.targets = src\Directory.Build.targets
		src\Project.Build.References.props = src\Project.Build.References.props
	EndProjectSection
EndProject
Project("{2150E333-8FDC-42A3-9474-1A3956D46DE8}") = "docs", "docs", "{4B42C48E-A82D-420A-B02D-B2ABBCE87782}"
EndProject
Project("{2150E333-8FDC-42A3-9474-1A3956D46DE8}") = "images", "images", "{14900468-5A15-4EDB-876D-0EBD2A6AE4D6}"
	ProjectSection(SolutionItems) = preProject
		docs\images\castle_transactions-logo.png = docs\images\castle_transactions-logo.png
		docs\images\Transaction Hierarchy and Managers.png = docs\images\Transaction Hierarchy and Managers.png
	EndProjectSection
EndProject
Project("{2150E333-8FDC-42A3-9474-1A3956D46DE8}") = "src", "src", "{05EDA423-8FEB-4B0F-814A-7E0FA44B1C3B}"
EndProject
Project("{2150E333-8FDC-42A3-9474-1A3956D46DE8}") = "test", "test", "{B789DAC6-D06E-4596-8B63-734066168C34}"
EndProject
Project("{FAE04EC0-301F-11D3-BF4B-00C04F79EFBC}") = "Castle.Services.Transaction", "src\Castle.Services.Transaction\Castle.Services.Transaction.csproj", "{0159863F-A8C8-4B1C-B063-B1B86A2CC149}"
EndProject
Project("{FAE04EC0-301F-11D3-BF4B-00C04F79EFBC}") = "Castle.Services.Transaction.Tests", "src\Castle.Services.Transaction.Tests\Castle.Services.Transaction.Tests.csproj", "{2AEC5C62-BEB1-45A6-9CD0-F29176FECB0A}"
EndProject
Project("{FAE04EC0-301F-11D3-BF4B-00C04F79EFBC}") = "Castle.Facilities.AutoTx", "src\Castle.Facilities.AutoTx\Castle.Facilities.AutoTx.csproj", "{139185CF-42BA-4464-A13A-E378CA903537}"
EndProject
Project("{FAE04EC0-301F-11D3-BF4B-00C04F79EFBC}") = "Castle.Facilities.AutoTx.Tests", "src\Castle.Facilities.AutoTx.Tests\Castle.Facilities.AutoTx.Tests.csproj", "{290A6779-C9DD-4CB3-ABED-6AC2A070833E}"
EndProject
Global
	GlobalSection(SolutionConfigurationPlatforms) = preSolution
		Debug|Any CPU = Debug|Any CPU
		Release|Any CPU = Release|Any CPU
	EndGlobalSection
	GlobalSection(ProjectConfigurationPlatforms) = postSolution
		{0159863F-A8C8-4B1C-B063-B1B86A2CC149}.Debug|Any CPU.ActiveCfg = Debug|Any CPU
		{0159863F-A8C8-4B1C-B063-B1B86A2CC149}.Debug|Any CPU.Build.0 = Debug|Any CPU
		{0159863F-A8C8-4B1C-B063-B1B86A2CC149}.Release|Any CPU.ActiveCfg = Release|Any CPU
		{0159863F-A8C8-4B1C-B063-B1B86A2CC149}.Release|Any CPU.Build.0 = Release|Any CPU
		{2AEC5C62-BEB1-45A6-9CD0-F29176FECB0A}.Debug|Any CPU.ActiveCfg = Debug|Any CPU
		{2AEC5C62-BEB1-45A6-9CD0-F29176FECB0A}.Debug|Any CPU.Build.0 = Debug|Any CPU
		{2AEC5C62-BEB1-45A6-9CD0-F29176FECB0A}.Release|Any CPU.ActiveCfg = Release|Any CPU
		{2AEC5C62-BEB1-45A6-9CD0-F29176FECB0A}.Release|Any CPU.Build.0 = Release|Any CPU
		{139185CF-42BA-4464-A13A-E378CA903537}.Debug|Any CPU.ActiveCfg = Debug|Any CPU
		{139185CF-42BA-4464-A13A-E378CA903537}.Debug|Any CPU.Build.0 = Debug|Any CPU
		{139185CF-42BA-4464-A13A-E378CA903537}.Release|Any CPU.ActiveCfg = Release|Any CPU
		{139185CF-42BA-4464-A13A-E378CA903537}.Release|Any CPU.Build.0 = Release|Any CPU
		{290A6779-C9DD-4CB3-ABED-6AC2A070833E}.Debug|Any CPU.ActiveCfg = Debug|Any CPU
		{290A6779-C9DD-4CB3-ABED-6AC2A070833E}.Debug|Any CPU.Build.0 = Debug|Any CPU
		{290A6779-C9DD-4CB3-ABED-6AC2A070833E}.Release|Any CPU.ActiveCfg = Release|Any CPU
		{290A6779-C9DD-4CB3-ABED-6AC2A070833E}.Release|Any CPU.Build.0 = Release|Any CPU
	EndGlobalSection
	GlobalSection(SolutionProperties) = preSolution
		HideSolutionNode = FALSE
	EndGlobalSection
	GlobalSection(NestedProjects) = preSolution
		{782638FB-E4DA-42BF-A4D1-758A77BB911E} = {D9AE75CD-B0D8-4CFB-9388-4054F92850FA}
		{3FA334C0-9A78-4B9D-8DC3-89A609031441} = {782638FB-E4DA-42BF-A4D1-758A77BB911E}
		{53A2B61C-C93B-4676-AA24-9174E03956C6} = {D9AE75CD-B0D8-4CFB-9388-4054F92850FA}
		{922DA1F7-4FFA-4855-8B48-7F238A8D5E15} = {D9AE75CD-B0D8-4CFB-9388-4054F92850FA}
		{14900468-5A15-4EDB-876D-0EBD2A6AE4D6} = {4B42C48E-A82D-420A-B02D-B2ABBCE87782}
		{0159863F-A8C8-4B1C-B063-B1B86A2CC149} = {05EDA423-8FEB-4B0F-814A-7E0FA44B1C3B}
		{2AEC5C62-BEB1-45A6-9CD0-F29176FECB0A} = {B789DAC6-D06E-4596-8B63-734066168C34}
		{139185CF-42BA-4464-A13A-E378CA903537} = {05EDA423-8FEB-4B0F-814A-7E0FA44B1C3B}
		{290A6779-C9DD-4CB3-ABED-6AC2A070833E} = {B789DAC6-D06E-4596-8B63-734066168C34}
	EndGlobalSection
	GlobalSection(ExtensibilityGlobals) = postSolution
		SolutionGuid = {BAE869CE-5D18-4A9E-B279-2C499E576FA7}
	EndGlobalSection
EndGlobal
