Microsoft Visual Studio Solution File, Format Version 12.00
# Visual Studio Version 16
VisualStudioVersion = 16.0.28803.352
MinimumVisualStudioVersion = 10.0.40219.1
Project("{2150E333-8FDC-42A3-9474-1A3956D46DE8}") = "Castle Build", "Castle Build", "{7E507A42-984B-470D-8A0C-648B9AF8E1DC}"
	ProjectSection(SolutionItems) = preProject
		.gitattributes = .gitattributes
		.gitignore = .gitignore
		appveyor.yml = appveyor.yml
		build.cmd = build.cmd
		BuildPackages.cmd = BuildPackages.cmd
		CHANGELOG.md = CHANGELOG.md
		Changes - AutoTx.txt = Changes - AutoTx.txt
		Changes - Transaction.txt = Changes - Transaction.txt
		CONTRIBUTING.md = CONTRIBUTING.md
		LICENSE = LICENSE
		README.md = README.md
	EndProjectSection
EndProject
Project("{9A19103F-16F7-4668-BE54-9A1E7A4F7556}") = "Castle.Services.Transaction", "src\Castle.Services.Transaction\Castle.Services.Transaction.csproj", "{F8771A27-17D9-4713-BAE2-D78D3B1C0E18}"
EndProject
Project("{9A19103F-16F7-4668-BE54-9A1E7A4F7556}") = "Castle.Services.Transaction.Tests", "src\Castle.Services.Transaction.Tests\Castle.Services.Transaction.Tests.csproj", "{47E77194-86BC-4224-9EB1-43BA95F42101}"
EndProject
Project("{9A19103F-16F7-4668-BE54-9A1E7A4F7556}") = "Castle.Facilities.AutoTx", "src\Castle.Facilities.AutoTx\Castle.Facilities.AutoTx.csproj", "{C0954FC0-DD7E-47DF-85F4-5BB54989B4E5}"
EndProject
Project("{9A19103F-16F7-4668-BE54-9A1E7A4F7556}") = "Castle.Facilities.AutoTx.Tests", "src\Castle.Facilities.AutoTx.Tests\Castle.Facilities.AutoTx.Tests.csproj", "{1E2687D3-144E-4C9B-98B3-6BFCCC3D6287}"
EndProject
Project("{9A19103F-16F7-4668-BE54-9A1E7A4F7556}") = "BuildScripts", "buildscripts\BuildScripts.csproj", "{38E50D9F-205E-4471-B8E6-53200EA3DCA9}"
EndProject
Global
	GlobalSection(SolutionConfigurationPlatforms) = preSolution
		Debug|Any CPU = Debug|Any CPU
		Release|Any CPU = Release|Any CPU
	EndGlobalSection
	GlobalSection(ProjectConfigurationPlatforms) = postSolution
		{F8771A27-17D9-4713-BAE2-D78D3B1C0E18}.Debug|Any CPU.ActiveCfg = Debug|Any CPU
		{F8771A27-17D9-4713-BAE2-D78D3B1C0E18}.Debug|Any CPU.Build.0 = Debug|Any CPU
		{F8771A27-17D9-4713-BAE2-D78D3B1C0E18}.Release|Any CPU.ActiveCfg = Release|Any CPU
		{F8771A27-17D9-4713-BAE2-D78D3B1C0E18}.Release|Any CPU.Build.0 = Release|Any CPU
		{47E77194-86BC-4224-9EB1-43BA95F42101}.Debug|Any CPU.ActiveCfg = Debug|Any CPU
		{47E77194-86BC-4224-9EB1-43BA95F42101}.Debug|Any CPU.Build.0 = Debug|Any CPU
		{47E77194-86BC-4224-9EB1-43BA95F42101}.Release|Any CPU.ActiveCfg = Release|Any CPU
		{47E77194-86BC-4224-9EB1-43BA95F42101}.Release|Any CPU.Build.0 = Release|Any CPU
		{C0954FC0-DD7E-47DF-85F4-5BB54989B4E5}.Debug|Any CPU.ActiveCfg = Debug|Any CPU
		{C0954FC0-DD7E-47DF-85F4-5BB54989B4E5}.Debug|Any CPU.Build.0 = Debug|Any CPU
		{C0954FC0-DD7E-47DF-85F4-5BB54989B4E5}.Release|Any CPU.ActiveCfg = Release|Any CPU
		{C0954FC0-DD7E-47DF-85F4-5BB54989B4E5}.Release|Any CPU.Build.0 = Release|Any CPU
		{1E2687D3-144E-4C9B-98B3-6BFCCC3D6287}.Debug|Any CPU.ActiveCfg = Debug|Any CPU
		{1E2687D3-144E-4C9B-98B3-6BFCCC3D6287}.Debug|Any CPU.Build.0 = Debug|Any CPU
		{1E2687D3-144E-4C9B-98B3-6BFCCC3D6287}.Release|Any CPU.ActiveCfg = Release|Any CPU
		{1E2687D3-144E-4C9B-98B3-6BFCCC3D6287}.Release|Any CPU.Build.0 = Release|Any CPU
		{38E50D9F-205E-4471-B8E6-53200EA3DCA9}.Debug|Any CPU.ActiveCfg = Debug|Any CPU
		{38E50D9F-205E-4471-B8E6-53200EA3DCA9}.Debug|Any CPU.Build.0 = Debug|Any CPU
		{38E50D9F-205E-4471-B8E6-53200EA3DCA9}.Release|Any CPU.ActiveCfg = Release|Any CPU
		{38E50D9F-205E-4471-B8E6-53200EA3DCA9}.Release|Any CPU.Build.0 = Release|Any CPU
	EndGlobalSection
	GlobalSection(SolutionProperties) = preSolution
		HideSolutionNode = FALSE
	EndGlobalSection
	GlobalSection(NestedProjects) = preSolution
		{38E50D9F-205E-4471-B8E6-53200EA3DCA9} = {7E507A42-984B-470D-8A0C-648B9AF8E1DC}
	EndGlobalSection
	GlobalSection(ExtensibilityGlobals) = postSolution
		SolutionGuid = {BAE869CE-5D18-4A9E-B279-2C499E576FA7}
	EndGlobalSection
EndGlobal
